// !$*UTF8*$!
{
	archiveVersion = 1;
	classes = {
	};
	objectVersion = 46;
	objects = {

/* Begin PBXBuildFile section */
		575C2E9A1A752CAB001FCCE6 /* Messanger.swift in Sources */ = {isa = PBXBuildFile; fileRef = 575C2E991A752CAB001FCCE6 /* Messanger.swift */; };
		575C97461A6C2E41009EAF47 /* AppDelegate.swift in Sources */ = {isa = PBXBuildFile; fileRef = 575C97451A6C2E41009EAF47 /* AppDelegate.swift */; };
		575C97481A6C2E41009EAF47 /* ViewController.swift in Sources */ = {isa = PBXBuildFile; fileRef = 575C97471A6C2E41009EAF47 /* ViewController.swift */; };
		575C974B1A6C2E41009EAF47 /* Main.storyboard in Resources */ = {isa = PBXBuildFile; fileRef = 575C97491A6C2E41009EAF47 /* Main.storyboard */; };
		575C974D1A6C2E41009EAF47 /* Images.xcassets in Resources */ = {isa = PBXBuildFile; fileRef = 575C974C1A6C2E41009EAF47 /* Images.xcassets */; };
		575C97501A6C2E41009EAF47 /* LaunchScreen.xib in Resources */ = {isa = PBXBuildFile; fileRef = 575C974E1A6C2E41009EAF47 /* LaunchScreen.xib */; };
		575C975C1A6C2E41009EAF47 /* Abrete_SesamoTests.swift in Sources */ = {isa = PBXBuildFile; fileRef = 575C975B1A6C2E41009EAF47 /* Abrete_SesamoTests.swift */; };
		8D7EA6E0BEA95D1CF481AB44 /* libPods.a in Frameworks */ = {isa = PBXBuildFile; fileRef = A483BD7199CF02634F61BF2D /* libPods.a */; };
		A84AF8FF45AF222EC1AC2237 /* libPods.a in Frameworks */ = {isa = PBXBuildFile; fileRef = A483BD7199CF02634F61BF2D /* libPods.a */; };
/* End PBXBuildFile section */

/* Begin PBXContainerItemProxy section */
		575C97561A6C2E41009EAF47 /* PBXContainerItemProxy */ = {
			isa = PBXContainerItemProxy;
			containerPortal = 575C97381A6C2E41009EAF47 /* Project object */;
			proxyType = 1;
			remoteGlobalIDString = 575C973F1A6C2E41009EAF47;
			remoteInfo = "Abrete Sesamo";
		};
/* End PBXContainerItemProxy section */

/* Begin PBXFileReference section */
		0B9462540E0BAC3EED1EA568 /* Pods.debug.xcconfig */ = {isa = PBXFileReference; includeInIndex = 1; lastKnownFileType = text.xcconfig; name = Pods.debug.xcconfig; path = "Pods/Target Support Files/Pods/Pods.debug.xcconfig"; sourceTree = "<group>"; };
		575C2E991A752CAB001FCCE6 /* Messanger.swift */ = {isa = PBXFileReference; fileEncoding = 4; lastKnownFileType = sourcecode.swift; path = Messanger.swift; sourceTree = "<group>"; };
		575C97401A6C2E41009EAF47 /* Abrete Sesamo.app */ = {isa = PBXFileReference; explicitFileType = wrapper.application; includeInIndex = 0; path = "Abrete Sesamo.app"; sourceTree = BUILT_PRODUCTS_DIR; };
		575C97441A6C2E41009EAF47 /* Info.plist */ = {isa = PBXFileReference; lastKnownFileType = text.plist.xml; path = Info.plist; sourceTree = "<group>"; };
		575C97451A6C2E41009EAF47 /* AppDelegate.swift */ = {isa = PBXFileReference; lastKnownFileType = sourcecode.swift; path = AppDelegate.swift; sourceTree = "<group>"; };
		575C97471A6C2E41009EAF47 /* ViewController.swift */ = {isa = PBXFileReference; lastKnownFileType = sourcecode.swift; path = ViewController.swift; sourceTree = "<group>"; };
		575C974A1A6C2E41009EAF47 /* Base */ = {isa = PBXFileReference; lastKnownFileType = file.storyboard; name = Base; path = Base.lproj/Main.storyboard; sourceTree = "<group>"; };
		575C974C1A6C2E41009EAF47 /* Images.xcassets */ = {isa = PBXFileReference; lastKnownFileType = folder.assetcatalog; path = Images.xcassets; sourceTree = "<group>"; };
		575C974F1A6C2E41009EAF47 /* Base */ = {isa = PBXFileReference; lastKnownFileType = file.xib; name = Base; path = Base.lproj/LaunchScreen.xib; sourceTree = "<group>"; };
		575C97551A6C2E41009EAF47 /* Abrete SesamoTests.xctest */ = {isa = PBXFileReference; explicitFileType = wrapper.cfbundle; includeInIndex = 0; path = "Abrete SesamoTests.xctest"; sourceTree = BUILT_PRODUCTS_DIR; };
		575C975A1A6C2E41009EAF47 /* Info.plist */ = {isa = PBXFileReference; lastKnownFileType = text.plist.xml; path = Info.plist; sourceTree = "<group>"; };
		575C975B1A6C2E41009EAF47 /* Abrete_SesamoTests.swift */ = {isa = PBXFileReference; lastKnownFileType = sourcecode.swift; path = Abrete_SesamoTests.swift; sourceTree = "<group>"; };
		575C97651A6C3138009EAF47 /* AbreteSesamo-Bridging-Header.h */ = {isa = PBXFileReference; lastKnownFileType = sourcecode.c.h; path = "AbreteSesamo-Bridging-Header.h"; sourceTree = "<group>"; };
		A2DB6E2E01C9FEB27460C654 /* Pods.release.xcconfig */ = {isa = PBXFileReference; includeInIndex = 1; lastKnownFileType = text.xcconfig; name = Pods.release.xcconfig; path = "Pods/Target Support Files/Pods/Pods.release.xcconfig"; sourceTree = "<group>"; };
		A483BD7199CF02634F61BF2D /* libPods.a */ = {isa = PBXFileReference; explicitFileType = archive.ar; includeInIndex = 0; path = libPods.a; sourceTree = BUILT_PRODUCTS_DIR; };
/* End PBXFileReference section */

/* Begin PBXFrameworksBuildPhase section */
		575C973D1A6C2E41009EAF47 /* Frameworks */ = {
			isa = PBXFrameworksBuildPhase;
			buildActionMask = 2147483647;
			files = (
				A84AF8FF45AF222EC1AC2237 /* libPods.a in Frameworks */,
			);
			runOnlyForDeploymentPostprocessing = 0;
		};
		575C97521A6C2E41009EAF47 /* Frameworks */ = {
			isa = PBXFrameworksBuildPhase;
			buildActionMask = 2147483647;
			files = (
				8D7EA6E0BEA95D1CF481AB44 /* libPods.a in Frameworks */,
			);
			runOnlyForDeploymentPostprocessing = 0;
		};
/* End PBXFrameworksBuildPhase section */

/* Begin PBXGroup section */
		0A00C044ADACADF4DA5A49A8 /* Pods */ = {
			isa = PBXGroup;
			children = (
				0B9462540E0BAC3EED1EA568 /* Pods.debug.xcconfig */,
				A2DB6E2E01C9FEB27460C654 /* Pods.release.xcconfig */,
			);
			name = Pods;
			sourceTree = "<group>";
		};
		575C97371A6C2E41009EAF47 = {
			isa = PBXGroup;
			children = (
				575C97421A6C2E41009EAF47 /* Abrete Sesamo */,
				575C97581A6C2E41009EAF47 /* Abrete SesamoTests */,
				575C97411A6C2E41009EAF47 /* Products */,
				0A00C044ADACADF4DA5A49A8 /* Pods */,
				8A03CB0CEDC959712D79DEBF /* Frameworks */,
			);
			sourceTree = "<group>";
		};
		575C97411A6C2E41009EAF47 /* Products */ = {
			isa = PBXGroup;
			children = (
				575C97401A6C2E41009EAF47 /* Abrete Sesamo.app */,
				575C97551A6C2E41009EAF47 /* Abrete SesamoTests.xctest */,
			);
			name = Products;
			sourceTree = "<group>";
		};
		575C97421A6C2E41009EAF47 /* Abrete Sesamo */ = {
			isa = PBXGroup;
			children = (
				575C97451A6C2E41009EAF47 /* AppDelegate.swift */,
				575C97471A6C2E41009EAF47 /* ViewController.swift */,
				575C97491A6C2E41009EAF47 /* Main.storyboard */,
				575C974C1A6C2E41009EAF47 /* Images.xcassets */,
				575C974E1A6C2E41009EAF47 /* LaunchScreen.xib */,
				575C97431A6C2E41009EAF47 /* Supporting Files */,
				575C97651A6C3138009EAF47 /* AbreteSesamo-Bridging-Header.h */,
				575C2E991A752CAB001FCCE6 /* Messanger.swift */,
			);
			path = "Abrete Sesamo";
			sourceTree = "<group>";
		};
		575C97431A6C2E41009EAF47 /* Supporting Files */ = {
			isa = PBXGroup;
			children = (
				575C97441A6C2E41009EAF47 /* Info.plist */,
			);
			name = "Supporting Files";
			sourceTree = "<group>";
		};
		575C97581A6C2E41009EAF47 /* Abrete SesamoTests */ = {
			isa = PBXGroup;
			children = (
				575C975B1A6C2E41009EAF47 /* Abrete_SesamoTests.swift */,
				575C97591A6C2E41009EAF47 /* Supporting Files */,
			);
			path = "Abrete SesamoTests";
			sourceTree = "<group>";
		};
		575C97591A6C2E41009EAF47 /* Supporting Files */ = {
			isa = PBXGroup;
			children = (
				575C975A1A6C2E41009EAF47 /* Info.plist */,
			);
			name = "Supporting Files";
			sourceTree = "<group>";
		};
		8A03CB0CEDC959712D79DEBF /* Frameworks */ = {
			isa = PBXGroup;
			children = (
				A483BD7199CF02634F61BF2D /* libPods.a */,
			);
			name = Frameworks;
			sourceTree = "<group>";
		};
/* End PBXGroup section */

/* Begin PBXNativeTarget section */
		575C973F1A6C2E41009EAF47 /* Abrete Sesamo */ = {
			isa = PBXNativeTarget;
			buildConfigurationList = 575C975F1A6C2E41009EAF47 /* Build configuration list for PBXNativeTarget "Abrete Sesamo" */;
			buildPhases = (
				0EBCE98DB4C6F881BCB68190 /* Check Pods Manifest.lock */,
				575C973C1A6C2E41009EAF47 /* Sources */,
				575C973D1A6C2E41009EAF47 /* Frameworks */,
				575C973E1A6C2E41009EAF47 /* Resources */,
				CB15B000B14EB47BCA000E1D /* Copy Pods Resources */,
			);
			buildRules = (
			);
			dependencies = (
			);
			name = "Abrete Sesamo";
			productName = "Abrete Sesamo";
			productReference = 575C97401A6C2E41009EAF47 /* Abrete Sesamo.app */;
			productType = "com.apple.product-type.application";
		};
		575C97541A6C2E41009EAF47 /* Abrete SesamoTests */ = {
			isa = PBXNativeTarget;
			buildConfigurationList = 575C97621A6C2E41009EAF47 /* Build configuration list for PBXNativeTarget "Abrete SesamoTests" */;
			buildPhases = (
				C650906982A11C4438D574EA /* Check Pods Manifest.lock */,
				575C97511A6C2E41009EAF47 /* Sources */,
				575C97521A6C2E41009EAF47 /* Frameworks */,
				575C97531A6C2E41009EAF47 /* Resources */,
				BA5E18B0DE88D0539706683D /* Copy Pods Resources */,
			);
			buildRules = (
			);
			dependencies = (
				575C97571A6C2E41009EAF47 /* PBXTargetDependency */,
			);
			name = "Abrete SesamoTests";
			productName = "Abrete SesamoTests";
			productReference = 575C97551A6C2E41009EAF47 /* Abrete SesamoTests.xctest */;
			productType = "com.apple.product-type.bundle.unit-test";
		};
/* End PBXNativeTarget section */

/* Begin PBXProject section */
		575C97381A6C2E41009EAF47 /* Project object */ = {
			isa = PBXProject;
			attributes = {
				LastUpgradeCheck = 0610;
				ORGANIZATIONNAME = "Marcio Klepacz";
				TargetAttributes = {
					575C973F1A6C2E41009EAF47 = {
						CreatedOnToolsVersion = 6.1.1;
					};
					575C97541A6C2E41009EAF47 = {
						CreatedOnToolsVersion = 6.1.1;
						TestTargetID = 575C973F1A6C2E41009EAF47;
					};
				};
			};
			buildConfigurationList = 575C973B1A6C2E41009EAF47 /* Build configuration list for PBXProject "Abrete Sesamo" */;
			compatibilityVersion = "Xcode 3.2";
			developmentRegion = English;
			hasScannedForEncodings = 0;
			knownRegions = (
				en,
				Base,
			);
			mainGroup = 575C97371A6C2E41009EAF47;
			productRefGroup = 575C97411A6C2E41009EAF47 /* Products */;
			projectDirPath = "";
			projectRoot = "";
			targets = (
				575C973F1A6C2E41009EAF47 /* Abrete Sesamo */,
				575C97541A6C2E41009EAF47 /* Abrete SesamoTests */,
			);
		};
/* End PBXProject section */

/* Begin PBXResourcesBuildPhase section */
		575C973E1A6C2E41009EAF47 /* Resources */ = {
			isa = PBXResourcesBuildPhase;
			buildActionMask = 2147483647;
			files = (
				575C974B1A6C2E41009EAF47 /* Main.storyboard in Resources */,
				575C97501A6C2E41009EAF47 /* LaunchScreen.xib in Resources */,
				575C974D1A6C2E41009EAF47 /* Images.xcassets in Resources */,
			);
			runOnlyForDeploymentPostprocessing = 0;
		};
		575C97531A6C2E41009EAF47 /* Resources */ = {
			isa = PBXResourcesBuildPhase;
			buildActionMask = 2147483647;
			files = (
			);
			runOnlyForDeploymentPostprocessing = 0;
		};
/* End PBXResourcesBuildPhase section */

/* Begin PBXShellScriptBuildPhase section */
		0EBCE98DB4C6F881BCB68190 /* Check Pods Manifest.lock */ = {
			isa = PBXShellScriptBuildPhase;
			buildActionMask = 2147483647;
			files = (
			);
			inputPaths = (
			);
			name = "Check Pods Manifest.lock";
			outputPaths = (
			);
			runOnlyForDeploymentPostprocessing = 0;
			shellPath = /bin/sh;
			shellScript = "diff \"${PODS_ROOT}/../Podfile.lock\" \"${PODS_ROOT}/Manifest.lock\" > /dev/null\nif [[ $? != 0 ]] ; then\n    cat << EOM\nerror: The sandbox is not in sync with the Podfile.lock. Run 'pod install' or update your CocoaPods installation.\nEOM\n    exit 1\nfi\n";
			showEnvVarsInLog = 0;
		};
		BA5E18B0DE88D0539706683D /* Copy Pods Resources */ = {
			isa = PBXShellScriptBuildPhase;
			buildActionMask = 2147483647;
			files = (
			);
			inputPaths = (
			);
			name = "Copy Pods Resources";
			outputPaths = (
			);
			runOnlyForDeploymentPostprocessing = 0;
			shellPath = /bin/sh;
			shellScript = "\"${SRCROOT}/Pods/Target Support Files/Pods/Pods-resources.sh\"\n";
			showEnvVarsInLog = 0;
		};
		C650906982A11C4438D574EA /* Check Pods Manifest.lock */ = {
			isa = PBXShellScriptBuildPhase;
			buildActionMask = 2147483647;
			files = (
			);
			inputPaths = (
			);
			name = "Check Pods Manifest.lock";
			outputPaths = (
			);
			runOnlyForDeploymentPostprocessing = 0;
			shellPath = /bin/sh;
			shellScript = "diff \"${PODS_ROOT}/../Podfile.lock\" \"${PODS_ROOT}/Manifest.lock\" > /dev/null\nif [[ $? != 0 ]] ; then\n    cat << EOM\nerror: The sandbox is not in sync with the Podfile.lock. Run 'pod install' or update your CocoaPods installation.\nEOM\n    exit 1\nfi\n";
			showEnvVarsInLog = 0;
		};
		CB15B000B14EB47BCA000E1D /* Copy Pods Resources */ = {
			isa = PBXShellScriptBuildPhase;
			buildActionMask = 2147483647;
			files = (
			);
			inputPaths = (
			);
			name = "Copy Pods Resources";
			outputPaths = (
			);
			runOnlyForDeploymentPostprocessing = 0;
			shellPath = /bin/sh;
			shellScript = "\"${SRCROOT}/Pods/Target Support Files/Pods/Pods-resources.sh\"\n";
			showEnvVarsInLog = 0;
		};
/* End PBXShellScriptBuildPhase section */

/* Begin PBXSourcesBuildPhase section */
		575C973C1A6C2E41009EAF47 /* Sources */ = {
			isa = PBXSourcesBuildPhase;
			buildActionMask = 2147483647;
			files = (
				575C2E9A1A752CAB001FCCE6 /* Messanger.swift in Sources */,
				575C97481A6C2E41009EAF47 /* ViewController.swift in Sources */,
				575C97461A6C2E41009EAF47 /* AppDelegate.swift in Sources */,
			);
			runOnlyForDeploymentPostprocessing = 0;
		};
		575C97511A6C2E41009EAF47 /* Sources */ = {
			isa = PBXSourcesBuildPhase;
			buildActionMask = 2147483647;
			files = (
				575C975C1A6C2E41009EAF47 /* Abrete_SesamoTests.swift in Sources */,
			);
			runOnlyForDeploymentPostprocessing = 0;
		};
/* End PBXSourcesBuildPhase section */

/* Begin PBXTargetDependency section */
		575C97571A6C2E41009EAF47 /* PBXTargetDependency */ = {
			isa = PBXTargetDependency;
			target = 575C973F1A6C2E41009EAF47 /* Abrete Sesamo */;
			targetProxy = 575C97561A6C2E41009EAF47 /* PBXContainerItemProxy */;
		};
/* End PBXTargetDependency section */

/* Begin PBXVariantGroup section */
		575C97491A6C2E41009EAF47 /* Main.storyboard */ = {
			isa = PBXVariantGroup;
			children = (
				575C974A1A6C2E41009EAF47 /* Base */,
			);
			name = Main.storyboard;
			sourceTree = "<group>";
		};
		575C974E1A6C2E41009EAF47 /* LaunchScreen.xib */ = {
			isa = PBXVariantGroup;
			children = (
				575C974F1A6C2E41009EAF47 /* Base */,
			);
			name = LaunchScreen.xib;
			sourceTree = "<group>";
		};
/* End PBXVariantGroup section */

/* Begin XCBuildConfiguration section */
		575C975D1A6C2E41009EAF47 /* Debug */ = {
			isa = XCBuildConfiguration;
			buildSettings = {
				ALWAYS_SEARCH_USER_PATHS = NO;
				CLANG_CXX_LANGUAGE_STANDARD = "gnu++0x";
				CLANG_CXX_LIBRARY = "libc++";
				CLANG_ENABLE_MODULES = YES;
				CLANG_ENABLE_OBJC_ARC = YES;
				CLANG_WARN_BOOL_CONVERSION = YES;
				CLANG_WARN_CONSTANT_CONVERSION = YES;
				CLANG_WARN_DIRECT_OBJC_ISA_USAGE = YES_ERROR;
				CLANG_WARN_EMPTY_BODY = YES;
				CLANG_WARN_ENUM_CONVERSION = YES;
				CLANG_WARN_INT_CONVERSION = YES;
				CLANG_WARN_OBJC_ROOT_CLASS = YES_ERROR;
				CLANG_WARN_UNREACHABLE_CODE = YES;
				CLANG_WARN__DUPLICATE_METHOD_MATCH = YES;
				"CODE_SIGN_IDENTITY[sdk=iphoneos*]" = "iPhone Developer";
				COPY_PHASE_STRIP = NO;
				ENABLE_STRICT_OBJC_MSGSEND = YES;
				GCC_C_LANGUAGE_STANDARD = gnu99;
				GCC_DYNAMIC_NO_PIC = NO;
				GCC_OPTIMIZATION_LEVEL = 0;
				GCC_PREPROCESSOR_DEFINITIONS = (
					"DEBUG=1",
					"$(inherited)",
				);
				GCC_SYMBOLS_PRIVATE_EXTERN = NO;
				GCC_WARN_64_TO_32_BIT_CONVERSION = YES;
				GCC_WARN_ABOUT_RETURN_TYPE = YES_ERROR;
				GCC_WARN_UNDECLARED_SELECTOR = YES;
				GCC_WARN_UNINITIALIZED_AUTOS = YES_AGGRESSIVE;
				GCC_WARN_UNUSED_FUNCTION = YES;
				GCC_WARN_UNUSED_VARIABLE = YES;
				"HEADER_SEARCH_PATHS[arch=*]" = /Applications/Xcode.app/Contents/Developer/Toolchains/XcodeDefault.xctoolchain/usr/include;
				IPHONEOS_DEPLOYMENT_TARGET = 8.1;
				MTL_ENABLE_DEBUG_INFO = YES;
				ONLY_ACTIVE_ARCH = YES;
				SDKROOT = iphoneos;
				SWIFT_OBJC_BRIDGING_HEADER = "${SRCROOT}/Abrete Sesamo/AbreteSesamo-Bridging-Header.h";
				SWIFT_OPTIMIZATION_LEVEL = "-Onone";
				TARGETED_DEVICE_FAMILY = "1,2";
			};
			name = Debug;
		};
		575C975E1A6C2E41009EAF47 /* Release */ = {
			isa = XCBuildConfiguration;
			buildSettings = {
				ALWAYS_SEARCH_USER_PATHS = NO;
				CLANG_CXX_LANGUAGE_STANDARD = "gnu++0x";
				CLANG_CXX_LIBRARY = "libc++";
				CLANG_ENABLE_MODULES = YES;
				CLANG_ENABLE_OBJC_ARC = YES;
				CLANG_WARN_BOOL_CONVERSION = YES;
				CLANG_WARN_CONSTANT_CONVERSION = YES;
				CLANG_WARN_DIRECT_OBJC_ISA_USAGE = YES_ERROR;
				CLANG_WARN_EMPTY_BODY = YES;
				CLANG_WARN_ENUM_CONVERSION = YES;
				CLANG_WARN_INT_CONVERSION = YES;
				CLANG_WARN_OBJC_ROOT_CLASS = YES_ERROR;
				CLANG_WARN_UNREACHABLE_CODE = YES;
				CLANG_WARN__DUPLICATE_METHOD_MATCH = YES;
				"CODE_SIGN_IDENTITY[sdk=iphoneos*]" = "iPhone Developer";
				COPY_PHASE_STRIP = YES;
				ENABLE_NS_ASSERTIONS = NO;
				ENABLE_STRICT_OBJC_MSGSEND = YES;
				GCC_C_LANGUAGE_STANDARD = gnu99;
				GCC_WARN_64_TO_32_BIT_CONVERSION = YES;
				GCC_WARN_ABOUT_RETURN_TYPE = YES_ERROR;
				GCC_WARN_UNDECLARED_SELECTOR = YES;
				GCC_WARN_UNINITIALIZED_AUTOS = YES_AGGRESSIVE;
				GCC_WARN_UNUSED_FUNCTION = YES;
				GCC_WARN_UNUSED_VARIABLE = YES;
				IPHONEOS_DEPLOYMENT_TARGET = 8.1;
				MTL_ENABLE_DEBUG_INFO = NO;
				SDKROOT = iphoneos;
				SWIFT_OBJC_BRIDGING_HEADER = "${SRCROOT}/Abrete Sesamo/AbreteSesamo-Bridging-Header.h";
				TARGETED_DEVICE_FAMILY = "1,2";
				VALIDATE_PRODUCT = YES;
			};
			name = Release;
		};
		575C97601A6C2E41009EAF47 /* Debug */ = {
			isa = XCBuildConfiguration;
			baseConfigurationReference = 0B9462540E0BAC3EED1EA568 /* Pods.debug.xcconfig */;
			buildSettings = {
				ASSETCATALOG_COMPILER_APPICON_NAME = AppIcon;
				INFOPLIST_FILE = "Abrete Sesamo/Info.plist";
				LD_RUNPATH_SEARCH_PATHS = "$(inherited) @executable_path/Frameworks";
				PRODUCT_NAME = "$(TARGET_NAME)";
			};
			name = Debug;
		};
		575C97611A6C2E41009EAF47 /* Release */ = {
			isa = XCBuildConfiguration;
			baseConfigurationReference = A2DB6E2E01C9FEB27460C654 /* Pods.release.xcconfig */;
			buildSettings = {
				ASSETCATALOG_COMPILER_APPICON_NAME = AppIcon;
				INFOPLIST_FILE = "Abrete Sesamo/Info.plist";
				LD_RUNPATH_SEARCH_PATHS = "$(inherited) @executable_path/Frameworks";
				PRODUCT_NAME = "$(TARGET_NAME)";
			};
			name = Release;
		};
		575C97631A6C2E41009EAF47 /* Debug */ = {
			isa = XCBuildConfiguration;
			baseConfigurationReference = 0B9462540E0BAC3EED1EA568 /* Pods.debug.xcconfig */;
			buildSettings = {
				BUNDLE_LOADER = "$(TEST_HOST)";
				FRAMEWORK_SEARCH_PATHS = (
					"$(SDKROOT)/Developer/Library/Frameworks",
					"$(inherited)",
				);
				GCC_PREPROCESSOR_DEFINITIONS = (
					"DEBUG=1",
					"$(inherited)",
				);
				INFOPLIST_FILE = "Abrete SesamoTests/Info.plist";
				LD_RUNPATH_SEARCH_PATHS = "$(inherited) @executable_path/Frameworks @loader_path/Frameworks";
				PRODUCT_NAME = "$(TARGET_NAME)";
				TEST_HOST = "$(BUILT_PRODUCTS_DIR)/Abrete Sesamo.app/Abrete Sesamo";
			};
			name = Debug;
		};
		575C97641A6C2E41009EAF47 /* Release */ = {
			isa = XCBuildConfiguration;
			baseConfigurationReference = A2DB6E2E01C9FEB27460C654 /* Pods.release.xcconfig */;
			buildSettings = {
				BUNDLE_LOADER = "$(TEST_HOST)";
				FRAMEWORK_SEARCH_PATHS = (
					"$(SDKROOT)/Developer/Library/Frameworks",
					"$(inherited)",
				);
				INFOPLIST_FILE = "Abrete SesamoTests/Info.plist";
				LD_RUNPATH_SEARCH_PATHS = "$(inherited) @executable_path/Frameworks @loader_path/Frameworks";
				PRODUCT_NAME = "$(TARGET_NAME)";
				TEST_HOST = "$(BUILT_PRODUCTS_DIR)/Abrete Sesamo.app/Abrete Sesamo";
			};
			name = Release;
		};
/* End XCBuildConfiguration section */

/* Begin XCConfigurationList section */
		575C973B1A6C2E41009EAF47 /* Build configuration list for PBXProject "Abrete Sesamo" */ = {
			isa = XCConfigurationList;
			buildConfigurations = (
				575C975D1A6C2E41009EAF47 /* Debug */,
				575C975E1A6C2E41009EAF47 /* Release */,
			);
			defaultConfigurationIsVisible = 0;
			defaultConfigurationName = Release;
		};
		575C975F1A6C2E41009EAF47 /* Build configuration list for PBXNativeTarget "Abrete Sesamo" */ = {
			isa = XCConfigurationList;
			buildConfigurations = (
				575C97601A6C2E41009EAF47 /* Debug */,
				575C97611A6C2E41009EAF47 /* Release */,
			);
			defaultConfigurationIsVisible = 0;
			defaultConfigurationName = Release;
		};
		575C97621A6C2E41009EAF47 /* Build configuration list for PBXNativeTarget "Abrete SesamoTests" */ = {
			isa = XCConfigurationList;
			buildConfigurations = (
				575C97631A6C2E41009EAF47 /* Debug */,
				575C97641A6C2E41009EAF47 /* Release */,
			);
			defaultConfigurationIsVisible = 0;
			defaultConfigurationName = Release;
		};
/* End XCConfigurationList section */
	};
	rootObject = 575C97381A6C2E41009EAF47 /* Project object */;
}
